
Microsoft Visual Studio Solution File, Format Version 12.00
# Visual Studio 14
VisualStudioVersion = 14.0.24720.0
MinimumVisualStudioVersion = 10.0.40219.1
Project("{FAE04EC0-301F-11D3-BF4B-00C04F79EFBC}") = "ReplayParser", "ReplayParser\ReplayParser.csproj", "{3F6429A5-1912-4A8B-B1B4-91964A24BC0C}"
EndProject
Global
	GlobalSection(SolutionConfigurationPlatforms) = preSolution
		Debug|Any CPU = Debug|Any CPU
		Release|Any CPU = Release|Any CPU
	EndGlobalSection
	GlobalSection(ProjectConfigurationPlatforms) = postSolution
		{3F6429A5-1912-4A8B-B1B4-91964A24BC0C}.Debug|Any CPU.ActiveCfg = Debug|Any CPU
		{3F6429A5-1912-4A8B-B1B4-91964A24BC0C}.Debug|Any CPU.Build.0 = Debug|Any CPU
		{3F6429A5-1912-4A8B-B1B4-91964A24BC0C}.Release|Any CPU.ActiveCfg = Release|Any CPU
		{3F6429A5-1912-4A8B-B1B4-91964A24BC0C}.Release|Any CPU.Build.0 = Release|Any CPU
	EndGlobalSection
	GlobalSection(SolutionProperties) = preSolution
		HideSolutionNode = FALSE
	EndGlobalSection
EndGlobal
